
Microsoft Visual Studio Solution File, Format Version 12.00
# Visual Studio 15
VisualStudioVersion = 15.0.27428.2005
MinimumVisualStudioVersion = 10.0.40219.1
Project("{FAE04EC0-301F-11D3-BF4B-00C04F79EFBC}") = "DCA.Lab.ConsoleApp", "DCA.Lab.ConsoleApp.csproj", "{99536934-2239-4838-95A0-1D9206730A62}"
EndProject
Global
	GlobalSection(SolutionConfigurationPlatforms) = preSolution
		Debug|Any CPU = Debug|Any CPU
		Release|Any CPU = Release|Any CPU
	EndGlobalSection
	GlobalSection(ProjectConfigurationPlatforms) = postSolution
		{99536934-2239-4838-95A0-1D9206730A62}.Debug|Any CPU.ActiveCfg = Debug|Any CPU
		{99536934-2239-4838-95A0-1D9206730A62}.Debug|Any CPU.Build.0 = Debug|Any CPU
		{99536934-2239-4838-95A0-1D9206730A62}.Release|Any CPU.ActiveCfg = Release|Any CPU
		{99536934-2239-4838-95A0-1D9206730A62}.Release|Any CPU.Build.0 = Release|Any CPU
	EndGlobalSection
	GlobalSection(SolutionProperties) = preSolution
		HideSolutionNode = FALSE
	EndGlobalSection
	GlobalSection(ExtensibilityGlobals) = postSolution
		SolutionGuid = {05FC1565-3F83-4333-9FD5-F94E87714890}
	EndGlobalSection
EndGlobal
